{
  "version": 4,
  "terraform_version": "1.13.4",
  "serial": 3,
  "lineage": "24af5e35-aca6-37b4-9a7c-dae25957876c",
  "outputs": {},
  "resources": [
    {
      "mode": "managed",
      "type": "google_compute_instance",
      "name": "free-vm-1141105",
      "provider": "provider[\"registry.terraform.io/hashicorp/google\"]",
      "instances": [
        {
          "schema_version": 6,
          "attributes": {
            "advanced_machine_features": [],
            "allow_stopping_for_update": null,
            "attached_disk": [],
            "boot_disk": [
              {
                "auto_delete": true,
                "device_name": "free-vm-1141105",
                "disk_encryption_key_raw": "",
                "disk_encryption_key_rsa": "",
                "disk_encryption_key_sha256": "",
                "disk_encryption_service_account": "",
                "force_attach": false,
                "guest_os_features": [
                  "VIRTIO_SCSI_MULTIQUEUE",
                  "SEV_CAPABLE",
                  "SEV_SNP_CAPABLE",
                  "SEV_LIVE_MIGRATABLE",
                  "SEV_LIVE_MIGRATABLE_V2",
                  "IDPF",
                  "TDX_CAPABLE",
                  "UEFI_COMPATIBLE",
                  "GVNIC"
                ],
                "initialize_params": [
                  {
                    "architecture": "X86_64",
                    "enable_confidential_compute": false,
                    "image": "https://www.googleapis.com/compute/v1/projects/ubuntu-os-cloud/global/images/ubuntu-2204-jammy-v20251023",
                    "labels": {},
                    "provisioned_iops": 0,
                    "provisioned_throughput": 0,
                    "resource_manager_tags": null,
                    "resource_policies": [],
                    "size": 30,
                    "snapshot": "",
                    "source_image_encryption_key": [],
                    "source_snapshot_encryption_key": [],
                    "storage_pool": "",
                    "type": "pd-standard"
                  }
                ],
                "interface": "",
                "kms_key_self_link": "",
                "mode": "READ_WRITE",
                "source": "https://www.googleapis.com/compute/v1/projects/htwg-cloudapp-hw/zones/us-west1-c/disks/free-vm-1141105"
              }
            ],
            "can_ip_forward": false,
            "confidential_instance_config": [],
            "cpu_platform": "Intel Broadwell",
            "creation_timestamp": "2025-11-04T16:38:47.517-08:00",
            "current_status": "RUNNING",
            "deletion_protection": false,
            "description": "",
            "desired_status": null,
            "effective_labels": {
              "goog-ec-src": "vm_add-tf",
              "goog-ops-agent-policy": "v2-x86-template-1-4-0",
              "goog-terraform-provisioned": "true"
            },
            "enable_display": true,
            "guest_accelerator": [],
            "hostname": "",
            "id": "projects/htwg-cloudapp-hw/zones/us-west1-c/instances/free-vm-1141105",
            "instance_encryption_key": [],
            "instance_id": "5133553972793516665",
            "key_revocation_action_type": "",
            "label_fingerprint": "3xe1iO4C8fQ=",
            "labels": {
              "goog-ec-src": "vm_add-tf",
              "goog-ops-agent-policy": "v2-x86-template-1-4-0"
            },
            "machine_type": "e2-micro",
            "metadata": {
              "enable-osconfig": "TRUE"
            },
            "metadata_fingerprint": "ORy5hG0AoTI=",
            "metadata_startup_script": "#!/usr/bin/env bash\nset -euxo pipefail\n\nexport DEBIAN_FRONTEND=noninteractive\n\nid -u iambjlu \u003e/dev/null 2\u003e\u00261 || useradd -m -s /bin/bash iambjlu\nmkdir -p /home/iambjlu/PhpStormProjects\nchown -R iambjlu:iambjlu /home/iambjlu\n\ncat \u003c\u003c'CMDS1' \u003e/home/iambjlu/PhpStormProjects/run_part1.sh\nmkdir PhpStormProjects\ncd PhpStormProjects\nsudo apt update -y\nsudo apt-get remove -y nodejs npm\nsudo apt-get autoremove -y\nsudo apt-get update\nsudo apt install -y ca-certificates curl gnupg unzip \ncurl -fsSL https://deb.nodesource.com/gpgkey/nodesource-repo.gpg.key | sudo gpg --dearmor -o /etc/apt/keyrings/nodesource.gpg\nNODE_MAJOR=22\necho \"deb [signed-by=/etc/apt/keyrings/nodesource.gpg] https://deb.nodesource.com/node_$NODE_MAJOR.x nodistro main\" | sudo tee /etc/apt/sources.list.d/nodesource.list\nsudo apt update -y\nsudo apt install -y nodejs\nsudo apt install -y npm\nsudo apt install -y mysql-server\nsudo apt install -y mysql-client-core-8.0\nnode -v\nnpm -v\nwget -O CloudAppHW5.zip https://github.com/iambjlu/HTWG-Cloud-App-Dev-HW5/releases/download/1141104/CloudAppHW5.zip \\\n \u0026\u0026 unzip -o CloudAppHW5.zip -d CloudAppHW \u0026\u0026 rm CloudAppHW5.zip\nsudo systemctl start mysql\nsudo systemctl status mysql\nsudo mysql\nCMDS1\nchmod +x /home/iambjlu/PhpStormProjects/run_part1.sh\n\ncd /home/iambjlu\nbash /home/iambjlu/PhpStormProjects/run_part1.sh || true\n\ncat \u003c\u003c'SQL1' \u003e/home/iambjlu/PhpStormProjects/sql1.sql\nCREATE DATABASE travel_app_db;\nCREATE USER 'cloudapp_user'@'localhost' IDENTIFIED BY 'mypassword';\nGRANT ALL PRIVILEGES ON travel_app_db.* TO 'cloudapp_user'@'localhost';\nFLUSH PRIVILEGES;\nEXIT;\nSQL1\n\nmysql \u003c /home/iambjlu/PhpStormProjects/sql1.sql || true\n\ncat \u003c\u003c'SQL2' \u003e/home/iambjlu/PhpStormProjects/sql2.sql\nUSE travel_app_db;\nCREATE TABLE travellers (\n    id INT AUTO_INCREMENT PRIMARY KEY,\n    email VARCHAR(255) UNIQUE NOT NULL,\n    name VARCHAR(255) NOT NULL\n);\nCREATE TABLE itineraries (\n    id INT AUTO_INCREMENT PRIMARY KEY,\n    traveller_id INT NOT NULL,\n    title VARCHAR(255) NOT NULL,\n    destination VARCHAR(255) NOT NULL,\n    start_date DATE NOT NULL,\n    short_description VARCHAR(80) NOT NULL,\n    detail_description TEXT,\n    FOREIGN KEY (traveller_id) REFERENCES travellers(id),\n    end_date DATE NOT NULL\n);\nEXIT;\nSQL2\n\nmysql -u cloudapp_user -pmypassword \u003c /home/iambjlu/PhpStormProjects/sql2.sql || true\n\nmkdir -p /home/iambjlu/PhpStormProjects/CloudAppHW/backend-api\ncat \u003c\u003c'ENVBACK' \u003e/home/iambjlu/PhpStormProjects/CloudAppHW/backend-api/.env\nGEMINI_API_KEY=\"xxxx\"\nGCP_BUCKET_NAME=\"htwg-cloudapp-hw.firebasestorage.app\"\ndb_database_name = \"travel_app_db\" # 範例：htwg_db\nGCP_SERVICE_ACCOUNT_JSON= \u003c\u003c-EOT\n{  \"type\": \"service_account\",  \"project_id\": \"htwg-cloudapp-hw\",  \"private_key_id\": \"xxxx\",  \"private_key\": \"-----BEGIN PRIVATE KEY-----\\nMII.....1LII\\n-----END PRIVATE KEY-----\\n\",  \"client_email\": \"xxx\",  \"client_id\": \"xxx\",  \"auth_uri\": \"https://accounts.google.com/o/oauth2/auth\",  \"token_uri\": \"https://oauth2.googleapis.com/token\",  \"auth_provider_x509_cert_url\": \"https://www.googleapis.com/oauth2/v1/certs\",  \"client_x509_cert_url\": \"https://www.googleapis.com/robot/v1/metadata/x509/xxxxxx\",  \"universe_domain\": \"googleapis.com\"}\nEOT\n# 資料庫連線資訊\nDB_HOST=localhost\nDB_USER=cloudapp_user\nDB_PASSWORD=mypassword\nDB_NAME=travel_app_db\n\n# 伺服器設定\nPORT=3000\nENVBACK\n\nmkdir -p /home/iambjlu/PhpStormProjects/CloudAppHW/frontend-vue\ncat \u003c\u003c'ENVFRONT' \u003e/home/iambjlu/PhpStormProjects/CloudAppHW/frontend-vue/.env\nVITE_FIREBASE_API_KEY=\"xxxx\"\nVITE_FIREBASE_AUTH_DOMAIN=\"htwg-cloudapp-hw.firebaseapp.com\"\nVITE_FIREBASE_PROJECT_ID=\"htwg-cloudapp-hw\"\nVITE_FIREBASE_APP_ID=\"xxxxxx\"\nVITE_FIREBASE_STORAGE_BUCKET=\"your-project.appspot.com\"\nVITE_MEASUREMENTID=\"xxxxxx\"\nENVFRONT\n\ncat \u003c\u003c'MANENV' \u003e/home/iambjlu/PhpStormProjects/env_notes.txt\n#環境變數\nmanual_db_host     = \"35.201.177.162\"\nVITE_API_BASE_URL = \"http://localhost:3000\" \nMANENV\n\ncd /home/iambjlu/PhpStormProjects/CloudAppHW/backend-api\nnpm install express mysql2 cors dotenv\nnpm install undici\nnpm install multer\nnpm install @google/generative-ai@latest firebase-admin@latest @google-cloud/storage@latest\n\ncd /home/iambjlu/PhpStormProjects/CloudAppHW/frontend-vue\nnpm install axios\nnpm install firebase\n\necho 'VITE_API_BASE_URL=http://localhost:3000' \u003e\u003e /home/iambjlu/PhpStormProjects/CloudAppHW/frontend-vue/.env || true\n\nsudo su - \u003c\u003c'ROOTCMDS'\nnohup bash -c 'cd /home/iambjlu/PhpStormProjects/CloudAppHW/backend-api \u0026\u0026 node server.js' \u003e/tmp/backend.log 2\u003e\u00261 \u0026\nnohup bash -c 'cd /home/iambjlu/PhpStormProjects/CloudAppHW/frontend-vue \u0026\u0026 npm run dev -- --host 0.0.0.0' \u003e/tmp/frontend.log 2\u003e\u00261 \u0026\nsudo systemctl start mysql;sudo systemctl status mysql\nROOTCMDS\n\nchown -R iambjlu:iambjlu /home/iambjlu\n\n",
            "min_cpu_platform": "",
            "name": "free-vm-1141105",
            "network_interface": [
              {
                "access_config": [
                  {
                    "nat_ip": "35.212.243.237",
                    "network_tier": "STANDARD",
                    "public_ptr_domain_name": ""
                  }
                ],
                "alias_ip_range": [],
                "internal_ipv6_prefix_length": 0,
                "ipv6_access_config": [],
                "ipv6_access_type": "",
                "ipv6_address": "",
                "name": "nic0",
                "network": "https://www.googleapis.com/compute/v1/projects/htwg-cloudapp-hw/global/networks/default",
                "network_attachment": "",
                "network_ip": "10.138.0.2",
                "nic_type": "",
                "queue_count": 0,
                "stack_type": "IPV4_ONLY",
                "subnetwork": "https://www.googleapis.com/compute/v1/projects/htwg-cloudapp-hw/regions/us-west1/subnetworks/default",
                "subnetwork_project": "htwg-cloudapp-hw"
              }
            ],
            "network_performance_config": [],
            "params": [],
            "project": "htwg-cloudapp-hw",
            "reservation_affinity": [],
            "resource_policies": null,
            "scheduling": [
              {
                "automatic_restart": true,
                "availability_domain": 0,
                "instance_termination_action": "",
                "local_ssd_recovery_timeout": [],
                "max_run_duration": [],
                "min_node_cpus": 0,
                "node_affinities": [],
                "on_host_maintenance": "MIGRATE",
                "on_instance_stop_action": [],
                "preemptible": false,
                "provisioning_model": "STANDARD",
                "termination_time": ""
              }
            ],
            "scratch_disk": [],
            "self_link": "https://www.googleapis.com/compute/v1/projects/htwg-cloudapp-hw/zones/us-west1-c/instances/free-vm-1141105",
            "service_account": [
              {
                "email": "42343490951-compute@developer.gserviceaccount.com",
                "scopes": [
                  "https://www.googleapis.com/auth/devstorage.read_only",
                  "https://www.googleapis.com/auth/logging.write",
                  "https://www.googleapis.com/auth/monitoring.write",
                  "https://www.googleapis.com/auth/service.management.readonly",
                  "https://www.googleapis.com/auth/servicecontrol",
                  "https://www.googleapis.com/auth/trace.append"
                ]
              }
            ],
            "shielded_instance_config": [
              {
                "enable_integrity_monitoring": true,
                "enable_secure_boot": false,
                "enable_vtpm": true
              }
            ],
            "tags": [
              "http-server",
              "https-server"
            ],
            "tags_fingerprint": "6smc4R4d39I=",
            "terraform_labels": {
              "goog-ec-src": "vm_add-tf",
              "goog-ops-agent-policy": "v2-x86-template-1-4-0",
              "goog-terraform-provisioned": "true"
            },
            "timeouts": null,
            "zone": "us-west1-c"
          },
          "sensitive_attributes": [
            [
              {
                "type": "get_attr",
                "value": "boot_disk"
              },
              {
                "type": "index",
                "value": {
                  "value": 0,
                  "type": "number"
                }
              },
              {
                "type": "get_attr",
                "value": "disk_encryption_key_raw"
              }
            ],
            [
              {
                "type": "get_attr",
                "value": "boot_disk"
              },
              {
                "type": "index",
                "value": {
                  "value": 0,
                  "type": "number"
                }
              },
              {
                "type": "get_attr",
                "value": "disk_encryption_key_rsa"
              }
            ]
          ],
          "identity_schema_version": 0,
          "private": "eyJlMmJmYjczMC1lY2FhLTExZTYtOGY4OC0zNDM2M2JjN2M0YzAiOnsiY3JlYXRlIjoxMjAwMDAwMDAwMDAwLCJkZWxldGUiOjEyMDAwMDAwMDAwMDAsInVwZGF0ZSI6MTIwMDAwMDAwMDAwMH0sInNjaGVtYV92ZXJzaW9uIjoiNiJ9"
        }
      ]
    },
    {
      "module": "module.ops_agent_policy",
      "mode": "managed",
      "type": "google_os_config_os_policy_assignment",
      "name": "ops_agent_policy",
      "provider": "provider[\"registry.terraform.io/hashicorp/google\"]",
      "instances": [
        {
          "schema_version": 0,
          "attributes": {
            "baseline": true,
            "deleted": false,
            "description": "Cloud Ops Policy Assignment via Terraform",
            "etag": "52839273-1d94-41eb-96f8-6247539fb2c1",
            "id": "projects/htwg-cloudapp-hw/locations/us-west1-c/osPolicyAssignments/goog-ops-agent-v2-x86-template-1-4-0-us-west1-c",
            "instance_filter": [
              {
                "all": false,
                "exclusion_labels": [],
                "inclusion_labels": [
                  {
                    "labels": {
                      "goog-ops-agent-policy": "v2-x86-template-1-4-0"
                    }
                  }
                ],
                "inventories": []
              }
            ],
            "location": "us-west1-c",
            "name": "goog-ops-agent-v2-x86-template-1-4-0-us-west1-c",
            "os_policies": [
              {
                "allow_no_resource_group_match": true,
                "description": "AUTO-GENERATED VALUE, DO NOT EDIT! | {\"packageState\":\"installed\",\"version\":\"latest\"}",
                "id": "goog-ops-agent-policy",
                "mode": "ENFORCEMENT",
                "resource_groups": [
                  {
                    "inventory_filters": [
                      {
                        "os_short_name": "centos",
                        "os_version": "7"
                      },
                      {
                        "os_short_name": "rhel",
                        "os_version": "7.*"
                      }
                    ],
                    "resources": [
                      {
                        "exec": [],
                        "file": [],
                        "id": "add-repo",
                        "pkg": [],
                        "repository": [
                          {
                            "apt": [],
                            "goo": [],
                            "yum": [
                              {
                                "base_url": "https://packages.cloud.google.com/yum/repos/google-cloud-ops-agent-el7-x86_64-all",
                                "display_name": "Google Cloud Ops Agent Repository",
                                "gpg_keys": [
                                  "https://packages.cloud.google.com/yum/doc/yum-key.gpg",
                                  "https://packages.cloud.google.com/yum/doc/rpm-package-key.gpg"
                                ],
                                "id": "google-cloud-ops-agent"
                              }
                            ],
                            "zypper": []
                          }
                        ]
                      },
                      {
                        "exec": [],
                        "file": [],
                        "id": "install-pkg",
                        "pkg": [
                          {
                            "apt": [],
                            "deb": [],
                            "desired_state": "INSTALLED",
                            "googet": [],
                            "msi": [],
                            "rpm": [],
                            "yum": [
                              {
                                "name": "google-cloud-ops-agent"
                              }
                            ],
                            "zypper": []
                          }
                        ],
                        "repository": []
                      }
                    ]
                  },
                  {
                    "inventory_filters": [
                      {
                        "os_short_name": "centos",
                        "os_version": "8"
                      },
                      {
                        "os_short_name": "rocky",
                        "os_version": "8.*"
                      },
                      {
                        "os_short_name": "rhel",
                        "os_version": "8.*"
                      }
                    ],
                    "resources": [
                      {
                        "exec": [],
                        "file": [],
                        "id": "add-repo",
                        "pkg": [],
                        "repository": [
                          {
                            "apt": [],
                            "goo": [],
                            "yum": [
                              {
                                "base_url": "https://packages.cloud.google.com/yum/repos/google-cloud-ops-agent-el8-x86_64-all",
                                "display_name": "Google Cloud Ops Agent Repository",
                                "gpg_keys": [
                                  "https://packages.cloud.google.com/yum/doc/yum-key.gpg",
                                  "https://packages.cloud.google.com/yum/doc/rpm-package-key.gpg"
                                ],
                                "id": "google-cloud-ops-agent"
                              }
                            ],
                            "zypper": []
                          }
                        ]
                      },
                      {
                        "exec": [],
                        "file": [],
                        "id": "install-pkg",
                        "pkg": [
                          {
                            "apt": [],
                            "deb": [],
                            "desired_state": "INSTALLED",
                            "googet": [],
                            "msi": [],
                            "rpm": [],
                            "yum": [
                              {
                                "name": "google-cloud-ops-agent"
                              }
                            ],
                            "zypper": []
                          }
                        ],
                        "repository": []
                      }
                    ]
                  },
                  {
                    "inventory_filters": [
                      {
                        "os_short_name": "rocky",
                        "os_version": "9.*"
                      },
                      {
                        "os_short_name": "rhel",
                        "os_version": "9.*"
                      }
                    ],
                    "resources": [
                      {
                        "exec": [],
                        "file": [],
                        "id": "add-repo",
                        "pkg": [],
                        "repository": [
                          {
                            "apt": [],
                            "goo": [],
                            "yum": [
                              {
                                "base_url": "https://packages.cloud.google.com/yum/repos/google-cloud-ops-agent-el9-x86_64-all",
                                "display_name": "Google Cloud Ops Agent Repository",
                                "gpg_keys": [
                                  "https://packages.cloud.google.com/yum/doc/yum-key.gpg",
                                  "https://packages.cloud.google.com/yum/doc/rpm-package-key.gpg"
                                ],
                                "id": "google-cloud-ops-agent"
                              }
                            ],
                            "zypper": []
                          }
                        ]
                      },
                      {
                        "exec": [],
                        "file": [],
                        "id": "install-pkg",
                        "pkg": [
                          {
                            "apt": [],
                            "deb": [],
                            "desired_state": "INSTALLED",
                            "googet": [],
                            "msi": [],
                            "rpm": [],
                            "yum": [
                              {
                                "name": "google-cloud-ops-agent"
                              }
                            ],
                            "zypper": []
                          }
                        ],
                        "repository": []
                      }
                    ]
                  },
                  {
                    "inventory_filters": [
                      {
                        "os_short_name": "sles",
                        "os_version": "12.*"
                      }
                    ],
                    "resources": [
                      {
                        "exec": [],
                        "file": [],
                        "id": "add-repo",
                        "pkg": [],
                        "repository": [
                          {
                            "apt": [],
                            "goo": [],
                            "yum": [],
                            "zypper": [
                              {
                                "base_url": "https://packages.cloud.google.com/yum/repos/google-cloud-ops-agent-sles12-x86_64-all",
                                "display_name": "Google Cloud Ops Agent Repository",
                                "gpg_keys": [
                                  "https://packages.cloud.google.com/yum/doc/yum-key.gpg",
                                  "https://packages.cloud.google.com/yum/doc/rpm-package-key.gpg"
                                ],
                                "id": "google-cloud-ops-agent"
                              }
                            ]
                          }
                        ]
                      },
                      {
                        "exec": [
                          {
                            "enforce": [
                              {
                                "args": null,
                                "file": [],
                                "interpreter": "SHELL",
                                "output_file_path": "",
                                "script": "echo hello"
                              }
                            ],
                            "validate": [
                              {
                                "args": null,
                                "file": [],
                                "interpreter": "SHELL",
                                "output_file_path": "",
                                "script": "rpm --import https://packages.cloud.google.com/yum/doc/yum-key.gpg; rpm --import https://packages.cloud.google.com/yum/doc/rpm-package-key.gpg; exit 100;"
                              }
                            ]
                          }
                        ],
                        "file": [],
                        "id": "import-key",
                        "pkg": [],
                        "repository": []
                      },
                      {
                        "exec": [],
                        "file": [],
                        "id": "install-pkg",
                        "pkg": [
                          {
                            "apt": [],
                            "deb": [],
                            "desired_state": "INSTALLED",
                            "googet": [],
                            "msi": [],
                            "rpm": [],
                            "yum": [],
                            "zypper": [
                              {
                                "name": "google-cloud-ops-agent"
                              }
                            ]
                          }
                        ],
                        "repository": []
                      }
                    ]
                  },
                  {
                    "inventory_filters": [
                      {
                        "os_short_name": "sles",
                        "os_version": "15.*"
                      },
                      {
                        "os_short_name": "opensuse-leap",
                        "os_version": "15.*"
                      }
                    ],
                    "resources": [
                      {
                        "exec": [],
                        "file": [],
                        "id": "add-repo",
                        "pkg": [],
                        "repository": [
                          {
                            "apt": [],
                            "goo": [],
                            "yum": [],
                            "zypper": [
                              {
                                "base_url": "https://packages.cloud.google.com/yum/repos/google-cloud-ops-agent-sles15-x86_64-all",
                                "display_name": "Google Cloud Ops Agent Repository",
                                "gpg_keys": [
                                  "https://packages.cloud.google.com/yum/doc/yum-key.gpg",
                                  "https://packages.cloud.google.com/yum/doc/rpm-package-key.gpg"
                                ],
                                "id": "google-cloud-ops-agent"
                              }
                            ]
                          }
                        ]
                      },
                      {
                        "exec": [],
                        "file": [],
                        "id": "install-pkg",
                        "pkg": [
                          {
                            "apt": [],
                            "deb": [],
                            "desired_state": "INSTALLED",
                            "googet": [],
                            "msi": [],
                            "rpm": [],
                            "yum": [],
                            "zypper": [
                              {
                                "name": "google-cloud-ops-agent"
                              }
                            ]
                          }
                        ],
                        "repository": []
                      }
                    ]
                  },
                  {
                    "inventory_filters": [
                      {
                        "os_short_name": "debian",
                        "os_version": "10"
                      }
                    ],
                    "resources": [
                      {
                        "exec": [],
                        "file": [],
                        "id": "add-repo",
                        "pkg": [],
                        "repository": [
                          {
                            "apt": [
                              {
                                "archive_type": "DEB",
                                "components": [
                                  "main"
                                ],
                                "distribution": "google-cloud-ops-agent-buster-all",
                                "gpg_key": "https://packages.cloud.google.com/apt/doc/apt-key.gpg",
                                "uri": "https://packages.cloud.google.com/apt"
                              }
                            ],
                            "goo": [],
                            "yum": [],
                            "zypper": []
                          }
                        ]
                      },
                      {
                        "exec": [],
                        "file": [],
                        "id": "install-pkg",
                        "pkg": [
                          {
                            "apt": [
                              {
                                "name": "google-cloud-ops-agent"
                              }
                            ],
                            "deb": [],
                            "desired_state": "INSTALLED",
                            "googet": [],
                            "msi": [],
                            "rpm": [],
                            "yum": [],
                            "zypper": []
                          }
                        ],
                        "repository": []
                      }
                    ]
                  },
                  {
                    "inventory_filters": [
                      {
                        "os_short_name": "debian",
                        "os_version": "11"
                      }
                    ],
                    "resources": [
                      {
                        "exec": [],
                        "file": [],
                        "id": "add-repo",
                        "pkg": [],
                        "repository": [
                          {
                            "apt": [
                              {
                                "archive_type": "DEB",
                                "components": [
                                  "main"
                                ],
                                "distribution": "google-cloud-ops-agent-bullseye-all",
                                "gpg_key": "https://packages.cloud.google.com/apt/doc/apt-key.gpg",
                                "uri": "https://packages.cloud.google.com/apt"
                              }
                            ],
                            "goo": [],
                            "yum": [],
                            "zypper": []
                          }
                        ]
                      },
                      {
                        "exec": [],
                        "file": [],
                        "id": "install-pkg",
                        "pkg": [
                          {
                            "apt": [
                              {
                                "name": "google-cloud-ops-agent"
                              }
                            ],
                            "deb": [],
                            "desired_state": "INSTALLED",
                            "googet": [],
                            "msi": [],
                            "rpm": [],
                            "yum": [],
                            "zypper": []
                          }
                        ],
                        "repository": []
                      }
                    ]
                  },
                  {
                    "inventory_filters": [
                      {
                        "os_short_name": "debian",
                        "os_version": "12"
                      }
                    ],
                    "resources": [
                      {
                        "exec": [],
                        "file": [],
                        "id": "add-repo",
                        "pkg": [],
                        "repository": [
                          {
                            "apt": [
                              {
                                "archive_type": "DEB",
                                "components": [
                                  "main"
                                ],
                                "distribution": "google-cloud-ops-agent-bookworm-all",
                                "gpg_key": "https://packages.cloud.google.com/apt/doc/apt-key.gpg",
                                "uri": "https://packages.cloud.google.com/apt"
                              }
                            ],
                            "goo": [],
                            "yum": [],
                            "zypper": []
                          }
                        ]
                      },
                      {
                        "exec": [],
                        "file": [],
                        "id": "install-pkg",
                        "pkg": [
                          {
                            "apt": [
                              {
                                "name": "google-cloud-ops-agent"
                              }
                            ],
                            "deb": [],
                            "desired_state": "INSTALLED",
                            "googet": [],
                            "msi": [],
                            "rpm": [],
                            "yum": [],
                            "zypper": []
                          }
                        ],
                        "repository": []
                      }
                    ]
                  },
                  {
                    "inventory_filters": [
                      {
                        "os_short_name": "ubuntu",
                        "os_version": "18.04"
                      }
                    ],
                    "resources": [
                      {
                        "exec": [
                          {
                            "enforce": [
                              {
                                "args": null,
                                "file": [],
                                "interpreter": "SHELL",
                                "output_file_path": "",
                                "script": "echo hello"
                              }
                            ],
                            "validate": [
                              {
                                "args": null,
                                "file": [],
                                "interpreter": "SHELL",
                                "output_file_path": "",
                                "script": "cloud-init status --wait; exit 100;"
                              }
                            ]
                          }
                        ],
                        "file": [],
                        "id": "wait-for-cloud-init",
                        "pkg": [],
                        "repository": []
                      },
                      {
                        "exec": [],
                        "file": [],
                        "id": "add-repo",
                        "pkg": [],
                        "repository": [
                          {
                            "apt": [
                              {
                                "archive_type": "DEB",
                                "components": [
                                  "main"
                                ],
                                "distribution": "google-cloud-ops-agent-bionic-all",
                                "gpg_key": "https://packages.cloud.google.com/apt/doc/apt-key.gpg",
                                "uri": "https://packages.cloud.google.com/apt"
                              }
                            ],
                            "goo": [],
                            "yum": [],
                            "zypper": []
                          }
                        ]
                      },
                      {
                        "exec": [],
                        "file": [],
                        "id": "install-pkg",
                        "pkg": [
                          {
                            "apt": [
                              {
                                "name": "google-cloud-ops-agent"
                              }
                            ],
                            "deb": [],
                            "desired_state": "INSTALLED",
                            "googet": [],
                            "msi": [],
                            "rpm": [],
                            "yum": [],
                            "zypper": []
                          }
                        ],
                        "repository": []
                      }
                    ]
                  },
                  {
                    "inventory_filters": [
                      {
                        "os_short_name": "ubuntu",
                        "os_version": "20.04"
                      }
                    ],
                    "resources": [
                      {
                        "exec": [
                          {
                            "enforce": [
                              {
                                "args": null,
                                "file": [],
                                "interpreter": "SHELL",
                                "output_file_path": "",
                                "script": "echo hello"
                              }
                            ],
                            "validate": [
                              {
                                "args": null,
                                "file": [],
                                "interpreter": "SHELL",
                                "output_file_path": "",
                                "script": "cloud-init status --wait; exit 100;"
                              }
                            ]
                          }
                        ],
                        "file": [],
                        "id": "wait-for-cloud-init",
                        "pkg": [],
                        "repository": []
                      },
                      {
                        "exec": [],
                        "file": [],
                        "id": "add-repo",
                        "pkg": [],
                        "repository": [
                          {
                            "apt": [
                              {
                                "archive_type": "DEB",
                                "components": [
                                  "main"
                                ],
                                "distribution": "google-cloud-ops-agent-focal-all",
                                "gpg_key": "https://packages.cloud.google.com/apt/doc/apt-key.gpg",
                                "uri": "https://packages.cloud.google.com/apt"
                              }
                            ],
                            "goo": [],
                            "yum": [],
                            "zypper": []
                          }
                        ]
                      },
                      {
                        "exec": [],
                        "file": [],
                        "id": "install-pkg",
                        "pkg": [
                          {
                            "apt": [
                              {
                                "name": "google-cloud-ops-agent"
                              }
                            ],
                            "deb": [],
                            "desired_state": "INSTALLED",
                            "googet": [],
                            "msi": [],
                            "rpm": [],
                            "yum": [],
                            "zypper": []
                          }
                        ],
                        "repository": []
                      }
                    ]
                  },
                  {
                    "inventory_filters": [
                      {
                        "os_short_name": "ubuntu",
                        "os_version": "22.04"
                      }
                    ],
                    "resources": [
                      {
                        "exec": [
                          {
                            "enforce": [
                              {
                                "args": null,
                                "file": [],
                                "interpreter": "SHELL",
                                "output_file_path": "",
                                "script": "echo hello"
                              }
                            ],
                            "validate": [
                              {
                                "args": null,
                                "file": [],
                                "interpreter": "SHELL",
                                "output_file_path": "",
                                "script": "cloud-init status --wait; exit 100;"
                              }
                            ]
                          }
                        ],
                        "file": [],
                        "id": "wait-for-cloud-init",
                        "pkg": [],
                        "repository": []
                      },
                      {
                        "exec": [],
                        "file": [],
                        "id": "add-repo",
                        "pkg": [],
                        "repository": [
                          {
                            "apt": [
                              {
                                "archive_type": "DEB",
                                "components": [
                                  "main"
                                ],
                                "distribution": "google-cloud-ops-agent-jammy-all",
                                "gpg_key": "https://packages.cloud.google.com/apt/doc/apt-key.gpg",
                                "uri": "https://packages.cloud.google.com/apt"
                              }
                            ],
                            "goo": [],
                            "yum": [],
                            "zypper": []
                          }
                        ]
                      },
                      {
                        "exec": [],
                        "file": [],
                        "id": "install-pkg",
                        "pkg": [
                          {
                            "apt": [
                              {
                                "name": "google-cloud-ops-agent"
                              }
                            ],
                            "deb": [],
                            "desired_state": "INSTALLED",
                            "googet": [],
                            "msi": [],
                            "rpm": [],
                            "yum": [],
                            "zypper": []
                          }
                        ],
                        "repository": []
                      }
                    ]
                  },
                  {
                    "inventory_filters": [
                      {
                        "os_short_name": "ubuntu",
                        "os_version": "23.10"
                      }
                    ],
                    "resources": [
                      {
                        "exec": [
                          {
                            "enforce": [
                              {
                                "args": null,
                                "file": [],
                                "interpreter": "SHELL",
                                "output_file_path": "",
                                "script": "echo hello"
                              }
                            ],
                            "validate": [
                              {
                                "args": null,
                                "file": [],
                                "interpreter": "SHELL",
                                "output_file_path": "",
                                "script": "cloud-init status --wait; exit 100;"
                              }
                            ]
                          }
                        ],
                        "file": [],
                        "id": "wait-for-cloud-init",
                        "pkg": [],
                        "repository": []
                      },
                      {
                        "exec": [],
                        "file": [],
                        "id": "add-repo",
                        "pkg": [],
                        "repository": [
                          {
                            "apt": [
                              {
                                "archive_type": "DEB",
                                "components": [
                                  "main"
                                ],
                                "distribution": "google-cloud-ops-agent-mantic-all",
                                "gpg_key": "https://packages.cloud.google.com/apt/doc/apt-key.gpg",
                                "uri": "https://packages.cloud.google.com/apt"
                              }
                            ],
                            "goo": [],
                            "yum": [],
                            "zypper": []
                          }
                        ]
                      },
                      {
                        "exec": [],
                        "file": [],
                        "id": "install-pkg",
                        "pkg": [
                          {
                            "apt": [
                              {
                                "name": "google-cloud-ops-agent"
                              }
                            ],
                            "deb": [],
                            "desired_state": "INSTALLED",
                            "googet": [],
                            "msi": [],
                            "rpm": [],
                            "yum": [],
                            "zypper": []
                          }
                        ],
                        "repository": []
                      }
                    ]
                  },
                  {
                    "inventory_filters": [
                      {
                        "os_short_name": "ubuntu",
                        "os_version": "24.04"
                      }
                    ],
                    "resources": [
                      {
                        "exec": [
                          {
                            "enforce": [
                              {
                                "args": null,
                                "file": [],
                                "interpreter": "SHELL",
                                "output_file_path": "",
                                "script": "echo hello"
                              }
                            ],
                            "validate": [
                              {
                                "args": null,
                                "file": [],
                                "interpreter": "SHELL",
                                "output_file_path": "",
                                "script": "cloud-init status --wait; exit 100;"
                              }
                            ]
                          }
                        ],
                        "file": [],
                        "id": "wait-for-cloud-init",
                        "pkg": [],
                        "repository": []
                      },
                      {
                        "exec": [],
                        "file": [],
                        "id": "add-repo",
                        "pkg": [],
                        "repository": [
                          {
                            "apt": [
                              {
                                "archive_type": "DEB",
                                "components": [
                                  "main"
                                ],
                                "distribution": "google-cloud-ops-agent-noble-all",
                                "gpg_key": "https://packages.cloud.google.com/apt/doc/apt-key.gpg",
                                "uri": "https://packages.cloud.google.com/apt"
                              }
                            ],
                            "goo": [],
                            "yum": [],
                            "zypper": []
                          }
                        ]
                      },
                      {
                        "exec": [],
                        "file": [],
                        "id": "install-pkg",
                        "pkg": [
                          {
                            "apt": [
                              {
                                "name": "google-cloud-ops-agent"
                              }
                            ],
                            "deb": [],
                            "desired_state": "INSTALLED",
                            "googet": [],
                            "msi": [],
                            "rpm": [],
                            "yum": [],
                            "zypper": []
                          }
                        ],
                        "repository": []
                      }
                    ]
                  },
                  {
                    "inventory_filters": [
                      {
                        "os_short_name": "windows",
                        "os_version": "10.*"
                      },
                      {
                        "os_short_name": "windows",
                        "os_version": "6.*"
                      }
                    ],
                    "resources": [
                      {
                        "exec": [],
                        "file": [],
                        "id": "add-repo",
                        "pkg": [],
                        "repository": [
                          {
                            "apt": [],
                            "goo": [
                              {
                                "name": "Google Cloud Ops Agent",
                                "url": "https://packages.cloud.google.com/yuck/repos/google-cloud-ops-agent-windows-all"
                              }
                            ],
                            "yum": [],
                            "zypper": []
                          }
                        ]
                      },
                      {
                        "exec": [],
                        "file": [],
                        "id": "install-pkg",
                        "pkg": [
                          {
                            "apt": [],
                            "deb": [],
                            "desired_state": "INSTALLED",
                            "googet": [
                              {
                                "name": "google-cloud-ops-agent"
                              }
                            ],
                            "msi": [],
                            "rpm": [],
                            "yum": [],
                            "zypper": []
                          }
                        ],
                        "repository": []
                      }
                    ]
                  }
                ]
              }
            ],
            "project": "htwg-cloudapp-hw",
            "reconciling": false,
            "revision_create_time": "2025-11-05T00:38:45.754322Z",
            "revision_id": "b5d2d58b-4228-4316-b2ce-5aef8d914f2d",
            "rollout": [
              {
                "disruption_budget": [
                  {
                    "fixed": 0,
                    "percent": 100
                  }
                ],
                "min_wait_duration": "0s"
              }
            ],
            "rollout_state": "SUCCEEDED",
            "skip_await_rollout": true,
            "timeouts": null,
            "uid": "ba92d4a6-b6aa-45af-945d-e62992ffa5c8"
          },
          "sensitive_attributes": [],
          "identity_schema_version": 0,
          "private": "eyJlMmJmYjczMC1lY2FhLTExZTYtOGY4OC0zNDM2M2JjN2M0YzAiOnsiY3JlYXRlIjoxMjAwMDAwMDAwMDAwLCJkZWxldGUiOjEyMDAwMDAwMDAwMDAsInVwZGF0ZSI6MTIwMDAwMDAwMDAwMH19"
        }
      ]
    }
  ],
  "check_results": [
    {
      "object_kind": "var",
      "config_addr": "module.ops_agent_policy.var.zone",
      "status": "pass",
      "objects": [
        {
          "object_addr": "module.ops_agent_policy.var.zone",
          "status": "pass"
        }
      ]
    },
    {
      "object_kind": "var",
      "config_addr": "module.ops_agent_policy.var.agents_rule",
      "status": "pass",
      "objects": [
        {
          "object_addr": "module.ops_agent_policy.var.agents_rule",
          "status": "pass"
        }
      ]
    }
  ]
}
